# This file is automatically @generated by Cargo.
# It is not intended for manual editing.
version = 4

[[package]]
name = "halo-core"
version = "0.1.0"
dependencies = [
 "halo-protocol",
]

[[package]]
name = "halo-ipc"
version = "0.1.0"
dependencies = [
 "halo-protocol",
]

[[package]]
name = "halo-protocol"
version = "0.1.0"

[[package]]
name = "halo-runtime"
version = "0.1.0"
dependencies = [
 "halo-core",
 "halo-ipc",
 "halo-protocol",
]
